# This file is automatically @generated by Cargo.
# It is not intended for manual editing.
version = 3

[[package]]
name = "rs-double-linked-list"
version = "0.1.0"

[[package]]
name = "rs-macro-capturing"
version = "0.1.0"

[[package]]
name = "rs-macro-intro"
version = "0.1.0"

[[package]]
name = "rs-smart-pointer-circle-ref-risk"
version = "0.1.0"

[[package]]
name = "rs-weak-ref"
version = "0.1.0"
